
Microsoft Visual Studio Solution File, Format Version 12.00
# Visual Studio 2013
VisualStudioVersion = 12.0.30723.0
MinimumVisualStudioVersion = 10.0.40219.1
Project("{8BC9CEB8-8B4A-11D0-8D11-00A0C91BC942}") = "Win64DiskImager", "Win64DiskImager\Win64DiskImager.vcxproj", "{B39CCFD4-B26F-4719-AC87-FDCEF74EC6FF}"
EndProject
Project("{8BC9CEB8-8B4A-11D0-8D11-00A0C91BC942}") = "SevenZipPP", "SevenZipPP\SevenZipPP.vcxproj", "{F7380108-3CF4-427B-A89F-9CD64BB7836A}"
EndProject
Global
	GlobalSection(SolutionConfigurationPlatforms) = preSolution
		Debug|Win32 = Debug|Win32
		Debug|x64 = Debug|x64
		DebugU|Win32 = DebugU|Win32
		DebugU|x64 = DebugU|x64
		MBCS Debug|Win32 = MBCS Debug|Win32
		MBCS Debug|x64 = MBCS Debug|x64
		MBCS Release|Win32 = MBCS Release|Win32
		MBCS Release|x64 = MBCS Release|x64
		Release|Win32 = Release|Win32
		Release|x64 = Release|x64
		ReleaseU|Win32 = ReleaseU|Win32
		ReleaseU|x64 = ReleaseU|x64
		Unicode Debug|Win32 = Unicode Debug|Win32
		Unicode Debug|x64 = Unicode Debug|x64
		Unicode Release|Win32 = Unicode Release|Win32
		Unicode Release|x64 = Unicode Release|x64
	EndGlobalSection
	GlobalSection(ProjectConfigurationPlatforms) = postSolution
		{B39CCFD4-B26F-4719-AC87-FDCEF74EC6FF}.Debug|Win32.ActiveCfg = Debug|x64
		{B39CCFD4-B26F-4719-AC87-FDCEF74EC6FF}.Debug|x64.ActiveCfg = Debug|x64
		{B39CCFD4-B26F-4719-AC87-FDCEF74EC6FF}.Debug|x64.Build.0 = Debug|x64
		{B39CCFD4-B26F-4719-AC87-FDCEF74EC6FF}.DebugU|Win32.ActiveCfg = Debug|x64
		{B39CCFD4-B26F-4719-AC87-FDCEF74EC6FF}.DebugU|x64.ActiveCfg = Debug|x64
		{B39CCFD4-B26F-4719-AC87-FDCEF74EC6FF}.DebugU|x64.Build.0 = Debug|x64
		{B39CCFD4-B26F-4719-AC87-FDCEF74EC6FF}.MBCS Debug|Win32.ActiveCfg = Debug|x64
		{B39CCFD4-B26F-4719-AC87-FDCEF74EC6FF}.MBCS Debug|x64.ActiveCfg = Debug|x64
		{B39CCFD4-B26F-4719-AC87-FDCEF74EC6FF}.MBCS Debug|x64.Build.0 = Debug|x64
		{B39CCFD4-B26F-4719-AC87-FDCEF74EC6FF}.MBCS Release|Win32.ActiveCfg = Release|x64
		{B39CCFD4-B26F-4719-AC87-FDCEF74EC6FF}.MBCS Release|x64.ActiveCfg = Release|x64
		{B39CCFD4-B26F-4719-AC87-FDCEF74EC6FF}.MBCS Release|x64.Build.0 = Release|x64
		{B39CCFD4-B26F-4719-AC87-FDCEF74EC6FF}.Release|Win32.ActiveCfg = Release|x64
		{B39CCFD4-B26F-4719-AC87-FDCEF74EC6FF}.Release|x64.ActiveCfg = Release|x64
		{B39CCFD4-B26F-4719-AC87-FDCEF74EC6FF}.Release|x64.Build.0 = Release|x64
		{B39CCFD4-B26F-4719-AC87-FDCEF74EC6FF}.ReleaseU|Win32.ActiveCfg = Release|x64
		{B39CCFD4-B26F-4719-AC87-FDCEF74EC6FF}.ReleaseU|x64.ActiveCfg = Release|x64
		{B39CCFD4-B26F-4719-AC87-FDCEF74EC6FF}.ReleaseU|x64.Build.0 = Release|x64
		{B39CCFD4-B26F-4719-AC87-FDCEF74EC6FF}.Unicode Debug|Win32.ActiveCfg = Debug|x64
		{B39CCFD4-B26F-4719-AC87-FDCEF74EC6FF}.Unicode Debug|x64.ActiveCfg = Debug|x64
		{B39CCFD4-B26F-4719-AC87-FDCEF74EC6FF}.Unicode Debug|x64.Build.0 = Debug|x64
		{B39CCFD4-B26F-4719-AC87-FDCEF74EC6FF}.Unicode Release|Win32.ActiveCfg = Release|x64
		{B39CCFD4-B26F-4719-AC87-FDCEF74EC6FF}.Unicode Release|x64.ActiveCfg = Release|x64
		{B39CCFD4-B26F-4719-AC87-FDCEF74EC6FF}.Unicode Release|x64.Build.0 = Release|x64
		{F7380108-3CF4-427B-A89F-9CD64BB7836A}.Debug|Win32.ActiveCfg = Debug|Win32
		{F7380108-3CF4-427B-A89F-9CD64BB7836A}.Debug|Win32.Build.0 = Debug|Win32
		{F7380108-3CF4-427B-A89F-9CD64BB7836A}.Debug|x64.ActiveCfg = Debug|x64
		{F7380108-3CF4-427B-A89F-9CD64BB7836A}.Debug|x64.Build.0 = Debug|x64
		{F7380108-3CF4-427B-A89F-9CD64BB7836A}.DebugU|Win32.ActiveCfg = Debug|Win32
		{F7380108-3CF4-427B-A89F-9CD64BB7836A}.DebugU|Win32.Build.0 = Debug|Win32
		{F7380108-3CF4-427B-A89F-9CD64BB7836A}.DebugU|x64.ActiveCfg = Debug|x64
		{F7380108-3CF4-427B-A89F-9CD64BB7836A}.DebugU|x64.Build.0 = Debug|x64
		{F7380108-3CF4-427B-A89F-9CD64BB7836A}.MBCS Debug|Win32.ActiveCfg = Debug|Win32
		{F7380108-3CF4-427B-A89F-9CD64BB7836A}.MBCS Debug|Win32.Build.0 = Debug|Win32
		{F7380108-3CF4-427B-A89F-9CD64BB7836A}.MBCS Debug|x64.ActiveCfg = Debug|x64
		{F7380108-3CF4-427B-A89F-9CD64BB7836A}.MBCS Debug|x64.Build.0 = Debug|x64
		{F7380108-3CF4-427B-A89F-9CD64BB7836A}.MBCS Release|Win32.ActiveCfg = Release|Win32
		{F7380108-3CF4-427B-A89F-9CD64BB7836A}.MBCS Release|Win32.Build.0 = Release|Win32
		{F7380108-3CF4-427B-A89F-9CD64BB7836A}.MBCS Release|x64.ActiveCfg = Release|x64
		{F7380108-3CF4-427B-A89F-9CD64BB7836A}.MBCS Release|x64.Build.0 = Release|x64
		{F7380108-3CF4-427B-A89F-9CD64BB7836A}.Release|Win32.ActiveCfg = Release|Win32
		{F7380108-3CF4-427B-A89F-9CD64BB7836A}.Release|Win32.Build.0 = Release|Win32
		{F7380108-3CF4-427B-A89F-9CD64BB7836A}.Release|x64.ActiveCfg = Release|x64
		{F7380108-3CF4-427B-A89F-9CD64BB7836A}.Release|x64.Build.0 = Release|x64
		{F7380108-3CF4-427B-A89F-9CD64BB7836A}.ReleaseU|Win32.ActiveCfg = Release|Win32
		{F7380108-3CF4-427B-A89F-9CD64BB7836A}.ReleaseU|Win32.Build.0 = Release|Win32
		{F7380108-3CF4-427B-A89F-9CD64BB7836A}.ReleaseU|x64.ActiveCfg = Release|x64
		{F7380108-3CF4-427B-A89F-9CD64BB7836A}.ReleaseU|x64.Build.0 = Release|x64
		{F7380108-3CF4-427B-A89F-9CD64BB7836A}.Unicode Debug|Win32.ActiveCfg = Debug|Win32
		{F7380108-3CF4-427B-A89F-9CD64BB7836A}.Unicode Debug|Win32.Build.0 = Debug|Win32
		{F7380108-3CF4-427B-A89F-9CD64BB7836A}.Unicode Debug|x64.ActiveCfg = Debug|x64
		{F7380108-3CF4-427B-A89F-9CD64BB7836A}.Unicode Debug|x64.Build.0 = Debug|x64
		{F7380108-3CF4-427B-A89F-9CD64BB7836A}.Unicode Release|Win32.ActiveCfg = Release|Win32
		{F7380108-3CF4-427B-A89F-9CD64BB7836A}.Unicode Release|Win32.Build.0 = Release|Win32
		{F7380108-3CF4-427B-A89F-9CD64BB7836A}.Unicode Release|x64.ActiveCfg = Release|x64
		{F7380108-3CF4-427B-A89F-9CD64BB7836A}.Unicode Release|x64.Build.0 = Release|x64
	EndGlobalSection
	GlobalSection(SolutionProperties) = preSolution
		HideSolutionNode = FALSE
	EndGlobalSection
EndGlobal
